
Microsoft Visual Studio Solution File, Format Version 12.00
# Visual Studio Version 17
VisualStudioVersion = 17.5.33516.290
MinimumVisualStudioVersion = 10.0.40219.1
Project("{2150E333-8FDC-42A3-9474-1A3956D46DE8}") = "VotingApp", "VotingApp", "{EB7E91C2-8428-4C25-B4BC-F919BB3AD853}"
EndProject
Project("{2150E333-8FDC-42A3-9474-1A3956D46DE8}") = "VotingApp.API", "VotingApp.API", "{788DBED8-8DB4-4B62-811C-D070CD25815C}"
EndProject
Project("{2150E333-8FDC-42A3-9474-1A3956D46DE8}") = "VotingApp.UI", "VotingApp.UI", "{17AF1445-99F8-456C-951B-04B86A6BFE23}"
EndProject
Project("{2150E333-8FDC-42A3-9474-1A3956D46DE8}") = "Scripts", "Scripts", "{6007D1F6-E7EC-4E2C-A20E-9BF944A0BEBC}"
EndProject
Project("{2150E333-8FDC-42A3-9474-1A3956D46DE8}") = "Styles", "Styles", "{544B7B36-FEC0-4D66-992A-BA875385FB7A}"
EndProject
Project("{2150E333-8FDC-42A3-9474-1A3956D46DE8}") = "Pages", "Pages", "{ABB0A0E4-DD54-417A-8965-651DA7EF8D74}"
EndProject
Project("{2150E333-8FDC-42A3-9474-1A3956D46DE8}") = "Layouts", "Layouts", "{8A07AE05-3F37-433E-AF42-99C7FECB176E}"
EndProject
Project("{FAE04EC0-301F-11D3-BF4B-00C04F79EFBC}") = "VotingApp.API", "VotingApp\VotingApp.API\VotingApp.API\VotingApp.API.csproj", "{40968C95-C9E2-4B2B-B68A-016DBCA77240}"
EndProject
Global
	GlobalSection(SolutionConfigurationPlatforms) = preSolution
		Debug|Any CPU = Debug|Any CPU
		Release|Any CPU = Release|Any CPU
	EndGlobalSection
	GlobalSection(ProjectConfigurationPlatforms) = postSolution
		{40968C95-C9E2-4B2B-B68A-016DBCA77240}.Debug|Any CPU.ActiveCfg = Debug|Any CPU
		{40968C95-C9E2-4B2B-B68A-016DBCA77240}.Debug|Any CPU.Build.0 = Debug|Any CPU
		{40968C95-C9E2-4B2B-B68A-016DBCA77240}.Release|Any CPU.ActiveCfg = Release|Any CPU
		{40968C95-C9E2-4B2B-B68A-016DBCA77240}.Release|Any CPU.Build.0 = Release|Any CPU
	EndGlobalSection
	GlobalSection(SolutionProperties) = preSolution
		HideSolutionNode = FALSE
	EndGlobalSection
	GlobalSection(NestedProjects) = preSolution
		{788DBED8-8DB4-4B62-811C-D070CD25815C} = {EB7E91C2-8428-4C25-B4BC-F919BB3AD853}
		{17AF1445-99F8-456C-951B-04B86A6BFE23} = {EB7E91C2-8428-4C25-B4BC-F919BB3AD853}
		{6007D1F6-E7EC-4E2C-A20E-9BF944A0BEBC} = {17AF1445-99F8-456C-951B-04B86A6BFE23}
		{544B7B36-FEC0-4D66-992A-BA875385FB7A} = {17AF1445-99F8-456C-951B-04B86A6BFE23}
		{ABB0A0E4-DD54-417A-8965-651DA7EF8D74} = {17AF1445-99F8-456C-951B-04B86A6BFE23}
		{8A07AE05-3F37-433E-AF42-99C7FECB176E} = {17AF1445-99F8-456C-951B-04B86A6BFE23}
		{40968C95-C9E2-4B2B-B68A-016DBCA77240} = {788DBED8-8DB4-4B62-811C-D070CD25815C}
	EndGlobalSection
	GlobalSection(ExtensibilityGlobals) = postSolution
		SolutionGuid = {2769A718-2010-422A-9804-C36B300C2C7A}
	EndGlobalSection
EndGlobal
